
Microsoft Visual Studio Solution File, Format Version 12.00
# Visual Studio Version 17
VisualStudioVersion = 17.0.31903.59
MinimumVisualStudioVersion = 10.0.40219.1
Project("{FAE04EC0-301F-11D3-BF4B-00C04F79EFBC}") = "Webwonders.Umbraco.Extensions", "Webwonders.Umbraco.Extensions.csproj", "{578F7D69-7C44-47B7-A1B4-0C13ED75EB3E}"
EndProject
Global
	GlobalSection(SolutionConfigurationPlatforms) = preSolution
		Debug|Any CPU = Debug|Any CPU
		Release|Any CPU = Release|Any CPU
	EndGlobalSection
	GlobalSection(ProjectConfigurationPlatforms) = postSolution
		{578F7D69-7C44-47B7-A1B4-0C13ED75EB3E}.Debug|Any CPU.ActiveCfg = Debug|Any CPU
		{578F7D69-7C44-47B7-A1B4-0C13ED75EB3E}.Debug|Any CPU.Build.0 = Debug|Any CPU
		{578F7D69-7C44-47B7-A1B4-0C13ED75EB3E}.Release|Any CPU.ActiveCfg = Release|Any CPU
		{578F7D69-7C44-47B7-A1B4-0C13ED75EB3E}.Release|Any CPU.Build.0 = Release|Any CPU
	EndGlobalSection
	GlobalSection(SolutionProperties) = preSolution
		HideSolutionNode = FALSE
	EndGlobalSection
	GlobalSection(ExtensibilityGlobals) = postSolution
		SolutionGuid = {A2A08E47-E32B-496C-83C3-55F26851880C}
	EndGlobalSection
EndGlobal
